{
  "requires": true,
  "lockfileVersion": 1,
  "dependencies": {
    "kotlin": {
      "version": "1.3.50",
      "resolved": "https://registry.npmjs.org/kotlin/-/kotlin-1.3.50.tgz",
      "integrity": "sha512-Fxi9WxzsMwtdnkaqHh5afShZRcQUn4rUWLLJyIPRlf2qrfbqNt6+SF/bIfHXC+n1DEanr5SSDOxp8YMJom9V+A=="
    }
  }
}
